
Microsoft Visual Studio Solution File, Format Version 12.00
# Visual Studio Version 17
VisualStudioVersion = 17.1.32210.238
MinimumVisualStudioVersion = 10.0.40219.1
Project("{FAE04EC0-301F-11D3-BF4B-00C04F79EFBC}") = "5469380_14_gameA", "5469380_14_gameA\5469380_14_gameA.csproj", "{33F16167-C0C0-4C93-A474-0684CBA1A2FD}"
EndProject
Global
	GlobalSection(SolutionConfigurationPlatforms) = preSolution
		Debug|Any CPU = Debug|Any CPU
		Release|Any CPU = Release|Any CPU
	EndGlobalSection
	GlobalSection(ProjectConfigurationPlatforms) = postSolution
		{33F16167-C0C0-4C93-A474-0684CBA1A2FD}.Debug|Any CPU.ActiveCfg = Debug|Any CPU
		{33F16167-C0C0-4C93-A474-0684CBA1A2FD}.Debug|Any CPU.Build.0 = Debug|Any CPU
		{33F16167-C0C0-4C93-A474-0684CBA1A2FD}.Release|Any CPU.ActiveCfg = Release|Any CPU
		{33F16167-C0C0-4C93-A474-0684CBA1A2FD}.Release|Any CPU.Build.0 = Release|Any CPU
	EndGlobalSection
	GlobalSection(SolutionProperties) = preSolution
		HideSolutionNode = FALSE
	EndGlobalSection
	GlobalSection(ExtensibilityGlobals) = postSolution
		SolutionGuid = {D22269A5-279F-4D3A-BADF-FE93E5C3DA65}
	EndGlobalSection
EndGlobal
